
Microsoft Visual Studio Solution File, Format Version 12.00
# Visual Studio Version 16
VisualStudioVersion = 16.0.31515.178
MinimumVisualStudioVersion = 10.0.40219.1
Project("{FAE04EC0-301F-11D3-BF4B-00C04F79EFBC}") = "VividboxBlazor.Server", "VividboxBlazor\Server\VividboxBlazor.Server.csproj", "{8F3F4E2C-9273-47C3-A784-C1E8383A461C}"
EndProject
Project("{FAE04EC0-301F-11D3-BF4B-00C04F79EFBC}") = "VividboxBlazor.Client", "VividboxBlazor\Client\VividboxBlazor.Client.csproj", "{71955FBC-93D0-4952-946A-ABB8B555A493}"
EndProject
Project("{FAE04EC0-301F-11D3-BF4B-00C04F79EFBC}") = "VividboxBlazor.Shared", "VividboxBlazor\Shared\VividboxBlazor.Shared.csproj", "{69AF24A1-0B5E-49E3-92EB-56B1A63231DB}"
EndProject
Global
	GlobalSection(SolutionConfigurationPlatforms) = preSolution
		Debug|Any CPU = Debug|Any CPU
		Release|Any CPU = Release|Any CPU
	EndGlobalSection
	GlobalSection(ProjectConfigurationPlatforms) = postSolution
		{8F3F4E2C-9273-47C3-A784-C1E8383A461C}.Debug|Any CPU.ActiveCfg = Debug|Any CPU
		{8F3F4E2C-9273-47C3-A784-C1E8383A461C}.Debug|Any CPU.Build.0 = Debug|Any CPU
		{8F3F4E2C-9273-47C3-A784-C1E8383A461C}.Release|Any CPU.ActiveCfg = Release|Any CPU
		{8F3F4E2C-9273-47C3-A784-C1E8383A461C}.Release|Any CPU.Build.0 = Release|Any CPU
		{71955FBC-93D0-4952-946A-ABB8B555A493}.Debug|Any CPU.ActiveCfg = Debug|Any CPU
		{71955FBC-93D0-4952-946A-ABB8B555A493}.Debug|Any CPU.Build.0 = Debug|Any CPU
		{71955FBC-93D0-4952-946A-ABB8B555A493}.Release|Any CPU.ActiveCfg = Release|Any CPU
		{71955FBC-93D0-4952-946A-ABB8B555A493}.Release|Any CPU.Build.0 = Release|Any CPU
		{69AF24A1-0B5E-49E3-92EB-56B1A63231DB}.Debug|Any CPU.ActiveCfg = Debug|Any CPU
		{69AF24A1-0B5E-49E3-92EB-56B1A63231DB}.Debug|Any CPU.Build.0 = Debug|Any CPU
		{69AF24A1-0B5E-49E3-92EB-56B1A63231DB}.Release|Any CPU.ActiveCfg = Release|Any CPU
		{69AF24A1-0B5E-49E3-92EB-56B1A63231DB}.Release|Any CPU.Build.0 = Release|Any CPU
	EndGlobalSection
	GlobalSection(SolutionProperties) = preSolution
		HideSolutionNode = FALSE
	EndGlobalSection
	GlobalSection(ExtensibilityGlobals) = postSolution
		SolutionGuid = {177A0F47-2312-4FE7-8579-CF409F6364BB}
	EndGlobalSection
EndGlobal
